// !$*UTF8*$!
{
	archiveVersion = 1;
	classes = {
	};
	objectVersion = 46;
	objects = {

/* Begin PBXBuildFile section */
		5B11A5191E85F6D400D0BABC /* AppDelegate.swift in Sources */ = {isa = PBXBuildFile; fileRef = 5B11A5181E85F6D400D0BABC /* AppDelegate.swift */; };
		5B11A51E1E85F6D400D0BABC /* Main.storyboard in Resources */ = {isa = PBXBuildFile; fileRef = 5B11A51C1E85F6D400D0BABC /* Main.storyboard */; };
		5B11A5201E85F6D400D0BABC /* Assets.xcassets in Resources */ = {isa = PBXBuildFile; fileRef = 5B11A51F1E85F6D400D0BABC /* Assets.xcassets */; };
		5B11A5231E85F6D400D0BABC /* LaunchScreen.storyboard in Resources */ = {isa = PBXBuildFile; fileRef = 5B11A5211E85F6D400D0BABC /* LaunchScreen.storyboard */; };
		5B11A52E1E85F6D400D0BABC /* Is_it_VT_or_SVTTests.swift in Sources */ = {isa = PBXBuildFile; fileRef = 5B11A52D1E85F6D400D0BABC /* Is_it_VT_or_SVTTests.swift */; };
		5B11A5391E85F6D400D0BABC /* Is_it_VT_or_SVTUITests.swift in Sources */ = {isa = PBXBuildFile; fileRef = 5B11A5381E85F6D400D0BABC /* Is_it_VT_or_SVTUITests.swift */; };
		5B11A5491E86115E00D0BABC /* DisclaimerViewController.swift in Sources */ = {isa = PBXBuildFile; fileRef = 5B11A5481E86115E00D0BABC /* DisclaimerViewController.swift */; };
		5B465D4D1E90B28900FB5E1F /* RSDurationViewController.swift in Sources */ = {isa = PBXBuildFile; fileRef = 5B465D4C1E90B28900FB5E1F /* RSDurationViewController.swift */; };
		5B8DBF7F1EA466C300F16353 /* RWPeakTimeViewController.swift in Sources */ = {isa = PBXBuildFile; fileRef = 5B8DBF7E1EA466C300F16353 /* RWPeakTimeViewController.swift */; };
		5B967E261EB684060092A86A /* VTSVTTableViewController.swift in Sources */ = {isa = PBXBuildFile; fileRef = 5B967E251EB684060092A86A /* VTSVTTableViewController.swift */; };
		5BCBE68A1E91AF6400A56993 /* AVDissociationViewController.swift in Sources */ = {isa = PBXBuildFile; fileRef = 5BCBE6891E91AF6400A56993 /* AVDissociationViewController.swift */; };
		5BCC54191E99214E00DE01CD /* QRSMorphologyViewController.swift in Sources */ = {isa = PBXBuildFile; fileRef = 5BCC54181E99214E00DE01CD /* QRSMorphologyViewController.swift */; };
		5BDD26C41EABE5BB00FF9592 /* ACCRegularTableViewController.swift in Sources */ = {isa = PBXBuildFile; fileRef = 5BDD26C31EABE5BB00FF9592 /* ACCRegularTableViewController.swift */; };
		5BE1A2E41EA9A9EC0080F1B7 /* ACCAlgorithm TableViewController.swift in Sources */ = {isa = PBXBuildFile; fileRef = 5BE1A2E31EA9A9EB0080F1B7 /* ACCAlgorithm TableViewController.swift */; };
		5BE38F7C1E86F84F00EC2319 /* DiagnosticAlgorithmTableViewController.swift in Sources */ = {isa = PBXBuildFile; fileRef = 5BE38F7B1E86F84F00EC2319 /* DiagnosticAlgorithmTableViewController.swift */; };
		5BEBD7421EAD53CC0005CFAF /* ACCMorphologyTableViewController.swift in Sources */ = {isa = PBXBuildFile; fileRef = 5BEBD7411EAD53CC0005CFAF /* ACCMorphologyTableViewController.swift */; };
		5BF5A6D21E9142CE00F519DB /* ConcordanceViewController.swift in Sources */ = {isa = PBXBuildFile; fileRef = 5BF5A6D11E9142CE00F519DB /* ConcordanceViewController.swift */; };
		5BFFECC01E875FD700165DA1 /* BrugadaAlgorithmViewController.swift in Sources */ = {isa = PBXBuildFile; fileRef = 5BFFECBF1E875FD700165DA1 /* BrugadaAlgorithmViewController.swift */; };
/* End PBXBuildFile section */

/* Begin PBXContainerItemProxy section */
		5B11A52A1E85F6D400D0BABC /* PBXContainerItemProxy */ = {
			isa = PBXContainerItemProxy;
			containerPortal = 5B11A50D1E85F6D400D0BABC /* Project object */;
			proxyType = 1;
			remoteGlobalIDString = 5B11A5141E85F6D400D0BABC;
			remoteInfo = "Is it VT or SVT";
		};
		5B11A5351E85F6D400D0BABC /* PBXContainerItemProxy */ = {
			isa = PBXContainerItemProxy;
			containerPortal = 5B11A50D1E85F6D400D0BABC /* Project object */;
			proxyType = 1;
			remoteGlobalIDString = 5B11A5141E85F6D400D0BABC;
			remoteInfo = "Is it VT or SVT";
		};
/* End PBXContainerItemProxy section */

/* Begin PBXFileReference section */
		5B11A5151E85F6D400D0BABC /* Is it VT or SVT.app */ = {isa = PBXFileReference; explicitFileType = wrapper.application; includeInIndex = 0; path = "Is it VT or SVT.app"; sourceTree = BUILT_PRODUCTS_DIR; };
		5B11A5181E85F6D400D0BABC /* AppDelegate.swift */ = {isa = PBXFileReference; lastKnownFileType = sourcecode.swift; path = AppDelegate.swift; sourceTree = "<group>"; };
		5B11A51D1E85F6D400D0BABC /* Base */ = {isa = PBXFileReference; lastKnownFileType = file.storyboard; name = Base; path = Base.lproj/Main.storyboard; sourceTree = "<group>"; };
		5B11A51F1E85F6D400D0BABC /* Assets.xcassets */ = {isa = PBXFileReference; lastKnownFileType = folder.assetcatalog; path = Assets.xcassets; sourceTree = "<group>"; };
		5B11A5221E85F6D400D0BABC /* Base */ = {isa = PBXFileReference; lastKnownFileType = file.storyboard; name = Base; path = Base.lproj/LaunchScreen.storyboard; sourceTree = "<group>"; };
		5B11A5241E85F6D400D0BABC /* Info.plist */ = {isa = PBXFileReference; lastKnownFileType = text.plist.xml; path = Info.plist; sourceTree = "<group>"; };
		5B11A5291E85F6D400D0BABC /* Is it VT or SVTTests.xctest */ = {isa = PBXFileReference; explicitFileType = wrapper.cfbundle; includeInIndex = 0; path = "Is it VT or SVTTests.xctest"; sourceTree = BUILT_PRODUCTS_DIR; };
		5B11A52D1E85F6D400D0BABC /* Is_it_VT_or_SVTTests.swift */ = {isa = PBXFileReference; lastKnownFileType = sourcecode.swift; path = Is_it_VT_or_SVTTests.swift; sourceTree = "<group>"; };
		5B11A52F1E85F6D400D0BABC /* Info.plist */ = {isa = PBXFileReference; lastKnownFileType = text.plist.xml; path = Info.plist; sourceTree = "<group>"; };
		5B11A5341E85F6D400D0BABC /* Is it VT or SVTUITests.xctest */ = {isa = PBXFileReference; explicitFileType = wrapper.cfbundle; includeInIndex = 0; path = "Is it VT or SVTUITests.xctest"; sourceTree = BUILT_PRODUCTS_DIR; };
		5B11A5381E85F6D400D0BABC /* Is_it_VT_or_SVTUITests.swift */ = {isa = PBXFileReference; lastKnownFileType = sourcecode.swift; path = Is_it_VT_or_SVTUITests.swift; sourceTree = "<group>"; };
		5B11A53A1E85F6D400D0BABC /* Info.plist */ = {isa = PBXFileReference; lastKnownFileType = text.plist.xml; path = Info.plist; sourceTree = "<group>"; };
		5B11A5481E86115E00D0BABC /* DisclaimerViewController.swift */ = {isa = PBXFileReference; fileEncoding = 4; lastKnownFileType = sourcecode.swift; path = DisclaimerViewController.swift; sourceTree = "<group>"; };
		5B465D4C1E90B28900FB5E1F /* RSDurationViewController.swift */ = {isa = PBXFileReference; fileEncoding = 4; lastKnownFileType = sourcecode.swift; path = RSDurationViewController.swift; sourceTree = "<group>"; };
		5B8DBF7E1EA466C300F16353 /* RWPeakTimeViewController.swift */ = {isa = PBXFileReference; fileEncoding = 4; lastKnownFileType = sourcecode.swift; path = RWPeakTimeViewController.swift; sourceTree = "<group>"; };
		5B967E251EB684060092A86A /* VTSVTTableViewController.swift */ = {isa = PBXFileReference; fileEncoding = 4; lastKnownFileType = sourcecode.swift; path = VTSVTTableViewController.swift; sourceTree = "<group>"; };
		5BCBE6891E91AF6400A56993 /* AVDissociationViewController.swift */ = {isa = PBXFileReference; fileEncoding = 4; lastKnownFileType = sourcecode.swift; path = AVDissociationViewController.swift; sourceTree = "<group>"; };
		5BCC54181E99214E00DE01CD /* QRSMorphologyViewController.swift */ = {isa = PBXFileReference; fileEncoding = 4; lastKnownFileType = sourcecode.swift; path = QRSMorphologyViewController.swift; sourceTree = "<group>"; };
		5BDD26C31EABE5BB00FF9592 /* ACCRegularTableViewController.swift */ = {isa = PBXFileReference; fileEncoding = 4; lastKnownFileType = sourcecode.swift; path = ACCRegularTableViewController.swift; sourceTree = "<group>"; };
		5BE1A2E31EA9A9EB0080F1B7 /* ACCAlgorithm TableViewController.swift */ = {isa = PBXFileReference; fileEncoding = 4; lastKnownFileType = sourcecode.swift; name = "ACCAlgorithm TableViewController.swift"; path = "../ACCAlgorithm TableViewController.swift"; sourceTree = "<group>"; };
		5BE38F7B1E86F84F00EC2319 /* DiagnosticAlgorithmTableViewController.swift */ = {isa = PBXFileReference; fileEncoding = 4; lastKnownFileType = sourcecode.swift; path = DiagnosticAlgorithmTableViewController.swift; sourceTree = "<group>"; };
		5BEBD7411EAD53CC0005CFAF /* ACCMorphologyTableViewController.swift */ = {isa = PBXFileReference; fileEncoding = 4; lastKnownFileType = sourcecode.swift; path = ACCMorphologyTableViewController.swift; sourceTree = "<group>"; };
		5BF5A6D11E9142CE00F519DB /* ConcordanceViewController.swift */ = {isa = PBXFileReference; fileEncoding = 4; lastKnownFileType = sourcecode.swift; path = ConcordanceViewController.swift; sourceTree = "<group>"; };
		5BFFECBF1E875FD700165DA1 /* BrugadaAlgorithmViewController.swift */ = {isa = PBXFileReference; fileEncoding = 4; lastKnownFileType = sourcecode.swift; path = BrugadaAlgorithmViewController.swift; sourceTree = "<group>"; };
/* End PBXFileReference section */

/* Begin PBXFrameworksBuildPhase section */
		5B11A5121E85F6D400D0BABC /* Frameworks */ = {
			isa = PBXFrameworksBuildPhase;
			buildActionMask = 2147483647;
			files = (
			);
			runOnlyForDeploymentPostprocessing = 0;
		};
		5B11A5261E85F6D400D0BABC /* Frameworks */ = {
			isa = PBXFrameworksBuildPhase;
			buildActionMask = 2147483647;
			files = (
			);
			runOnlyForDeploymentPostprocessing = 0;
		};
		5B11A5311E85F6D400D0BABC /* Frameworks */ = {
			isa = PBXFrameworksBuildPhase;
			buildActionMask = 2147483647;
			files = (
			);
			runOnlyForDeploymentPostprocessing = 0;
		};
/* End PBXFrameworksBuildPhase section */

/* Begin PBXGroup section */
		5B11A50C1E85F6D400D0BABC = {
			isa = PBXGroup;
			children = (
				5B11A5171E85F6D400D0BABC /* Is it VT or SVT */,
				5B11A52C1E85F6D400D0BABC /* Is it VT or SVTTests */,
				5B11A5371E85F6D400D0BABC /* Is it VT or SVTUITests */,
				5B11A5161E85F6D400D0BABC /* Products */,
			);
			sourceTree = "<group>";
		};
		5B11A5161E85F6D400D0BABC /* Products */ = {
			isa = PBXGroup;
			children = (
				5B11A5151E85F6D400D0BABC /* Is it VT or SVT.app */,
				5B11A5291E85F6D400D0BABC /* Is it VT or SVTTests.xctest */,
				5B11A5341E85F6D400D0BABC /* Is it VT or SVTUITests.xctest */,
			);
			name = Products;
			sourceTree = "<group>";
		};
		5B11A5171E85F6D400D0BABC /* Is it VT or SVT */ = {
			isa = PBXGroup;
			children = (
				5BE1A2E31EA9A9EB0080F1B7 /* ACCAlgorithm TableViewController.swift */,
				5B11A5181E85F6D400D0BABC /* AppDelegate.swift */,
				5B11A51C1E85F6D400D0BABC /* Main.storyboard */,
				5B967E251EB684060092A86A /* VTSVTTableViewController.swift */,
				5BEBD7411EAD53CC0005CFAF /* ACCMorphologyTableViewController.swift */,
				5BDD26C31EABE5BB00FF9592 /* ACCRegularTableViewController.swift */,
				5B8DBF7E1EA466C300F16353 /* RWPeakTimeViewController.swift */,
				5BCC54181E99214E00DE01CD /* QRSMorphologyViewController.swift */,
				5BCBE6891E91AF6400A56993 /* AVDissociationViewController.swift */,
				5BF5A6D11E9142CE00F519DB /* ConcordanceViewController.swift */,
				5B465D4C1E90B28900FB5E1F /* RSDurationViewController.swift */,
				5BFFECBF1E875FD700165DA1 /* BrugadaAlgorithmViewController.swift */,
				5BE38F7B1E86F84F00EC2319 /* DiagnosticAlgorithmTableViewController.swift */,
				5B11A51F1E85F6D400D0BABC /* Assets.xcassets */,
				5B11A5211E85F6D400D0BABC /* LaunchScreen.storyboard */,
				5B11A5481E86115E00D0BABC /* DisclaimerViewController.swift */,
				5B11A5241E85F6D400D0BABC /* Info.plist */,
			);
			path = "Is it VT or SVT";
			sourceTree = "<group>";
		};
		5B11A52C1E85F6D400D0BABC /* Is it VT or SVTTests */ = {
			isa = PBXGroup;
			children = (
				5B11A52D1E85F6D400D0BABC /* Is_it_VT_or_SVTTests.swift */,
				5B11A52F1E85F6D400D0BABC /* Info.plist */,
			);
			path = "Is it VT or SVTTests";
			sourceTree = "<group>";
		};
		5B11A5371E85F6D400D0BABC /* Is it VT or SVTUITests */ = {
			isa = PBXGroup;
			children = (
				5B11A5381E85F6D400D0BABC /* Is_it_VT_or_SVTUITests.swift */,
				5B11A53A1E85F6D400D0BABC /* Info.plist */,
			);
			path = "Is it VT or SVTUITests";
			sourceTree = "<group>";
		};
/* End PBXGroup section */

/* Begin PBXNativeTarget section */
		5B11A5141E85F6D400D0BABC /* Is it VT or SVT */ = {
			isa = PBXNativeTarget;
			buildConfigurationList = 5B11A53D1E85F6D400D0BABC /* Build configuration list for PBXNativeTarget "Is it VT or SVT" */;
			buildPhases = (
				5B11A5111E85F6D400D0BABC /* Sources */,
				5B11A5121E85F6D400D0BABC /* Frameworks */,
				5B11A5131E85F6D400D0BABC /* Resources */,
			);
			buildRules = (
			);
			dependencies = (
			);
			name = "Is it VT or SVT";
			productName = "Is it VT or SVT";
			productReference = 5B11A5151E85F6D400D0BABC /* Is it VT or SVT.app */;
			productType = "com.apple.product-type.application";
		};
		5B11A5281E85F6D400D0BABC /* Is it VT or SVTTests */ = {
			isa = PBXNativeTarget;
			buildConfigurationList = 5B11A5401E85F6D400D0BABC /* Build configuration list for PBXNativeTarget "Is it VT or SVTTests" */;
			buildPhases = (
				5B11A5251E85F6D400D0BABC /* Sources */,
				5B11A5261E85F6D400D0BABC /* Frameworks */,
				5B11A5271E85F6D400D0BABC /* Resources */,
			);
			buildRules = (
			);
			dependencies = (
				5B11A52B1E85F6D400D0BABC /* PBXTargetDependency */,
			);
			name = "Is it VT or SVTTests";
			productName = "Is it VT or SVTTests";
			productReference = 5B11A5291E85F6D400D0BABC /* Is it VT or SVTTests.xctest */;
			productType = "com.apple.product-type.bundle.unit-test";
		};
		5B11A5331E85F6D400D0BABC /* Is it VT or SVTUITests */ = {
			isa = PBXNativeTarget;
			buildConfigurationList = 5B11A5431E85F6D400D0BABC /* Build configuration list for PBXNativeTarget "Is it VT or SVTUITests" */;
			buildPhases = (
				5B11A5301E85F6D400D0BABC /* Sources */,
				5B11A5311E85F6D400D0BABC /* Frameworks */,
				5B11A5321E85F6D400D0BABC /* Resources */,
			);
			buildRules = (
			);
			dependencies = (
				5B11A5361E85F6D400D0BABC /* PBXTargetDependency */,
			);
			name = "Is it VT or SVTUITests";
			productName = "Is it VT or SVTUITests";
			productReference = 5B11A5341E85F6D400D0BABC /* Is it VT or SVTUITests.xctest */;
			productType = "com.apple.product-type.bundle.ui-testing";
		};
/* End PBXNativeTarget section */

/* Begin PBXProject section */
		5B11A50D1E85F6D400D0BABC /* Project object */ = {
			isa = PBXProject;
			attributes = {
				LastSwiftUpdateCheck = 0720;
				LastUpgradeCheck = 0830;
				ORGANIZATIONNAME = "Abraham Salacata";
				TargetAttributes = {
					5B11A5141E85F6D400D0BABC = {
						CreatedOnToolsVersion = 7.2;
						DevelopmentTeam = 6KJ2PVKMDD;
						LastSwiftMigration = 0830;
					};
					5B11A5281E85F6D400D0BABC = {
						CreatedOnToolsVersion = 7.2;
						LastSwiftMigration = 0830;
						TestTargetID = 5B11A5141E85F6D400D0BABC;
					};
					5B11A5331E85F6D400D0BABC = {
						CreatedOnToolsVersion = 7.2;
						LastSwiftMigration = 0830;
						TestTargetID = 5B11A5141E85F6D400D0BABC;
					};
				};
			};
			buildConfigurationList = 5B11A5101E85F6D400D0BABC /* Build configuration list for PBXProject "Is it VT or SVT" */;
			compatibilityVersion = "Xcode 3.2";
			developmentRegion = English;
			hasScannedForEncodings = 0;
			knownRegions = (
				en,
				Base,
			);
			mainGroup = 5B11A50C1E85F6D400D0BABC;
			productRefGroup = 5B11A5161E85F6D400D0BABC /* Products */;
			projectDirPath = "";
			projectRoot = "";
			targets = (
				5B11A5141E85F6D400D0BABC /* Is it VT or SVT */,
				5B11A5281E85F6D400D0BABC /* Is it VT or SVTTests */,
				5B11A5331E85F6D400D0BABC /* Is it VT or SVTUITests */,
			);
		};
/* End PBXProject section */

/* Begin PBXResourcesBuildPhase section */
		5B11A5131E85F6D400D0BABC /* Resources */ = {
			isa = PBXResourcesBuildPhase;
			buildActionMask = 2147483647;
			files = (
				5B11A5231E85F6D400D0BABC /* LaunchScreen.storyboard in Resources */,
				5B11A5201E85F6D400D0BABC /* Assets.xcassets in Resources */,
				5B11A51E1E85F6D400D0BABC /* Main.storyboard in Resources */,
			);
			runOnlyForDeploymentPostprocessing = 0;
		};
		5B11A5271E85F6D400D0BABC /* Resources */ = {
			isa = PBXResourcesBuildPhase;
			buildActionMask = 2147483647;
			files = (
			);
			runOnlyForDeploymentPostprocessing = 0;
		};
		5B11A5321E85F6D400D0BABC /* Resources */ = {
			isa = PBXResourcesBuildPhase;
			buildActionMask = 2147483647;
			files = (
			);
			runOnlyForDeploymentPostprocessing = 0;
		};
/* End PBXResourcesBuildPhase section */

/* Begin PBXSourcesBuildPhase section */
		5B11A5111E85F6D400D0BABC /* Sources */ = {
			isa = PBXSourcesBuildPhase;
			buildActionMask = 2147483647;
			files = (
				5B967E261EB684060092A86A /* VTSVTTableViewController.swift in Sources */,
				5B8DBF7F1EA466C300F16353 /* RWPeakTimeViewController.swift in Sources */,
				5BF5A6D21E9142CE00F519DB /* ConcordanceViewController.swift in Sources */,
				5B465D4D1E90B28900FB5E1F /* RSDurationViewController.swift in Sources */,
				5BEBD7421EAD53CC0005CFAF /* ACCMorphologyTableViewController.swift in Sources */,
				5B11A5191E85F6D400D0BABC /* AppDelegate.swift in Sources */,
				5BE1A2E41EA9A9EC0080F1B7 /* ACCAlgorithm TableViewController.swift in Sources */,
				5BCC54191E99214E00DE01CD /* QRSMorphologyViewController.swift in Sources */,
				5B11A5491E86115E00D0BABC /* DisclaimerViewController.swift in Sources */,
				5BE38F7C1E86F84F00EC2319 /* DiagnosticAlgorithmTableViewController.swift in Sources */,
				5BCBE68A1E91AF6400A56993 /* AVDissociationViewController.swift in Sources */,
				5BFFECC01E875FD700165DA1 /* BrugadaAlgorithmViewController.swift in Sources */,
				5BDD26C41EABE5BB00FF9592 /* ACCRegularTableViewController.swift in Sources */,
			);
			runOnlyForDeploymentPostprocessing = 0;
		};
		5B11A5251E85F6D400D0BABC /* Sources */ = {
			isa = PBXSourcesBuildPhase;
			buildActionMask = 2147483647;
			files = (
				5B11A52E1E85F6D400D0BABC /* Is_it_VT_or_SVTTests.swift in Sources */,
			);
			runOnlyForDeploymentPostprocessing = 0;
		};
		5B11A5301E85F6D400D0BABC /* Sources */ = {
			isa = PBXSourcesBuildPhase;
			buildActionMask = 2147483647;
			files = (
				5B11A5391E85F6D400D0BABC /* Is_it_VT_or_SVTUITests.swift in Sources */,
			);
			runOnlyForDeploymentPostprocessing = 0;
		};
/* End PBXSourcesBuildPhase section */

/* Begin PBXTargetDependency section */
		5B11A52B1E85F6D400D0BABC /* PBXTargetDependency */ = {
			isa = PBXTargetDependency;
			target = 5B11A5141E85F6D400D0BABC /* Is it VT or SVT */;
			targetProxy = 5B11A52A1E85F6D400D0BABC /* PBXContainerItemProxy */;
		};
		5B11A5361E85F6D400D0BABC /* PBXTargetDependency */ = {
			isa = PBXTargetDependency;
			target = 5B11A5141E85F6D400D0BABC /* Is it VT or SVT */;
			targetProxy = 5B11A5351E85F6D400D0BABC /* PBXContainerItemProxy */;
		};
/* End PBXTargetDependency section */

/* Begin PBXVariantGroup section */
		5B11A51C1E85F6D400D0BABC /* Main.storyboard */ = {
			isa = PBXVariantGroup;
			children = (
				5B11A51D1E85F6D400D0BABC /* Base */,
			);
			name = Main.storyboard;
			sourceTree = "<group>";
		};
		5B11A5211E85F6D400D0BABC /* LaunchScreen.storyboard */ = {
			isa = PBXVariantGroup;
			children = (
				5B11A5221E85F6D400D0BABC /* Base */,
			);
			name = LaunchScreen.storyboard;
			sourceTree = "<group>";
		};
/* End PBXVariantGroup section */

/* Begin XCBuildConfiguration section */
		5B11A53B1E85F6D400D0BABC /* Debug */ = {
			isa = XCBuildConfiguration;
			buildSettings = {
				ALWAYS_SEARCH_USER_PATHS = NO;
				CLANG_CXX_LANGUAGE_STANDARD = "gnu++0x";
				CLANG_CXX_LIBRARY = "libc++";
				CLANG_ENABLE_MODULES = YES;
				CLANG_ENABLE_OBJC_ARC = YES;
				CLANG_WARN_BOOL_CONVERSION = YES;
				CLANG_WARN_CONSTANT_CONVERSION = YES;
				CLANG_WARN_DIRECT_OBJC_ISA_USAGE = YES_ERROR;
				CLANG_WARN_EMPTY_BODY = YES;
				CLANG_WARN_ENUM_CONVERSION = YES;
				CLANG_WARN_INFINITE_RECURSION = YES;
				CLANG_WARN_INT_CONVERSION = YES;
				CLANG_WARN_OBJC_ROOT_CLASS = YES_ERROR;
				CLANG_WARN_SUSPICIOUS_MOVE = YES;
				CLANG_WARN_UNREACHABLE_CODE = YES;
				CLANG_WARN__DUPLICATE_METHOD_MATCH = YES;
				"CODE_SIGN_IDENTITY[sdk=iphoneos*]" = "iPhone Developer";
				COPY_PHASE_STRIP = NO;
				DEBUG_INFORMATION_FORMAT = dwarf;
				ENABLE_STRICT_OBJC_MSGSEND = YES;
				ENABLE_TESTABILITY = YES;
				GCC_C_LANGUAGE_STANDARD = gnu99;
				GCC_DYNAMIC_NO_PIC = NO;
				GCC_NO_COMMON_BLOCKS = YES;
				GCC_OPTIMIZATION_LEVEL = 0;
				GCC_PREPROCESSOR_DEFINITIONS = (
					"DEBUG=1",
					"$(inherited)",
				);
				GCC_WARN_64_TO_32_BIT_CONVERSION = YES;
				GCC_WARN_ABOUT_RETURN_TYPE = YES_ERROR;
				GCC_WARN_UNDECLARED_SELECTOR = YES;
				GCC_WARN_UNINITIALIZED_AUTOS = YES_AGGRESSIVE;
				GCC_WARN_UNUSED_FUNCTION = YES;
				GCC_WARN_UNUSED_VARIABLE = YES;
				IPHONEOS_DEPLOYMENT_TARGET = 9.2;
				MTL_ENABLE_DEBUG_INFO = YES;
				ONLY_ACTIVE_ARCH = YES;
				SDKROOT = iphoneos;
				SWIFT_OPTIMIZATION_LEVEL = "-Onone";
			};
			name = Debug;
		};
		5B11A53C1E85F6D400D0BABC /* Release */ = {
			isa = XCBuildConfiguration;
			buildSettings = {
				ALWAYS_SEARCH_USER_PATHS = NO;
				CLANG_CXX_LANGUAGE_STANDARD = "gnu++0x";
				CLANG_CXX_LIBRARY = "libc++";
				CLANG_ENABLE_MODULES = YES;
				CLANG_ENABLE_OBJC_ARC = YES;
				CLANG_WARN_BOOL_CONVERSION = YES;
				CLANG_WARN_CONSTANT_CONVERSION = YES;
				CLANG_WARN_DIRECT_OBJC_ISA_USAGE = YES_ERROR;
				CLANG_WARN_EMPTY_BODY = YES;
				CLANG_WARN_ENUM_CONVERSION = YES;
				CLANG_WARN_INFINITE_RECURSION = YES;
				CLANG_WARN_INT_CONVERSION = YES;
				CLANG_WARN_OBJC_ROOT_CLASS = YES_ERROR;
				CLANG_WARN_SUSPICIOUS_MOVE = YES;
				CLANG_WARN_UNREACHABLE_CODE = YES;
				CLANG_WARN__DUPLICATE_METHOD_MATCH = YES;
				"CODE_SIGN_IDENTITY[sdk=iphoneos*]" = "iPhone Developer";
				COPY_PHASE_STRIP = NO;
				DEBUG_INFORMATION_FORMAT = "dwarf-with-dsym";
				ENABLE_NS_ASSERTIONS = NO;
				ENABLE_STRICT_OBJC_MSGSEND = YES;
				GCC_C_LANGUAGE_STANDARD = gnu99;
				GCC_NO_COMMON_BLOCKS = YES;
				GCC_WARN_64_TO_32_BIT_CONVERSION = YES;
				GCC_WARN_ABOUT_RETURN_TYPE = YES_ERROR;
				GCC_WARN_UNDECLARED_SELECTOR = YES;
				GCC_WARN_UNINITIALIZED_AUTOS = YES_AGGRESSIVE;
				GCC_WARN_UNUSED_FUNCTION = YES;
				GCC_WARN_UNUSED_VARIABLE = YES;
				IPHONEOS_DEPLOYMENT_TARGET = 9.2;
				MTL_ENABLE_DEBUG_INFO = NO;
				SDKROOT = iphoneos;
				SWIFT_OPTIMIZATION_LEVEL = "-Owholemodule";
				VALIDATE_PRODUCT = YES;
			};
			name = Release;
		};
		5B11A53E1E85F6D400D0BABC /* Debug */ = {
			isa = XCBuildConfiguration;
			buildSettings = {
				ASSETCATALOG_COMPILER_APPICON_NAME = AppIcon;
				CODE_SIGN_IDENTITY = "iPhone Developer";
				"CODE_SIGN_IDENTITY[sdk=iphoneos*]" = "iPhone Developer";
				INFOPLIST_FILE = "Is it VT or SVT/Info.plist";
				IPHONEOS_DEPLOYMENT_TARGET = 9.0;
				LD_RUNPATH_SEARCH_PATHS = "$(inherited) @executable_path/Frameworks";
				PRODUCT_BUNDLE_IDENTIFIER = "Endeavor-Medical-Research.Is-it-VT-or-SVT";
				PRODUCT_NAME = "$(TARGET_NAME)";
				PROVISIONING_PROFILE = "";
				SWIFT_VERSION = 3.0;
				TARGETED_DEVICE_FAMILY = 1;
			};
			name = Debug;
		};
		5B11A53F1E85F6D400D0BABC /* Release */ = {
			isa = XCBuildConfiguration;
			buildSettings = {
				ASSETCATALOG_COMPILER_APPICON_NAME = AppIcon;
				CODE_SIGN_IDENTITY = "iPhone Developer";
				"CODE_SIGN_IDENTITY[sdk=iphoneos*]" = "iPhone Developer";
				INFOPLIST_FILE = "Is it VT or SVT/Info.plist";
				IPHONEOS_DEPLOYMENT_TARGET = 9.0;
				LD_RUNPATH_SEARCH_PATHS = "$(inherited) @executable_path/Frameworks";
				PRODUCT_BUNDLE_IDENTIFIER = "Endeavor-Medical-Research.Is-it-VT-or-SVT";
				PRODUCT_NAME = "$(TARGET_NAME)";
				PROVISIONING_PROFILE = "";
				SWIFT_VERSION = 3.0;
				TARGETED_DEVICE_FAMILY = 1;
			};
			name = Release;
		};
		5B11A5411E85F6D400D0BABC /* Debug */ = {
			isa = XCBuildConfiguration;
			buildSettings = {
				BUNDLE_LOADER = "$(TEST_HOST)";
				INFOPLIST_FILE = "Is it VT or SVTTests/Info.plist";
				LD_RUNPATH_SEARCH_PATHS = "$(inherited) @executable_path/Frameworks @loader_path/Frameworks";
				PRODUCT_BUNDLE_IDENTIFIER = "Endeavor-Medical-Research.Is-it-VT-or-SVTTests";
				PRODUCT_NAME = "$(TARGET_NAME)";
				SWIFT_VERSION = 3.0;
				TEST_HOST = "$(BUILT_PRODUCTS_DIR)/Is it VT or SVT.app/Is it VT or SVT";
			};
			name = Debug;
		};
		5B11A5421E85F6D400D0BABC /* Release */ = {
			isa = XCBuildConfiguration;
			buildSettings = {
				BUNDLE_LOADER = "$(TEST_HOST)";
				INFOPLIST_FILE = "Is it VT or SVTTests/Info.plist";
				LD_RUNPATH_SEARCH_PATHS = "$(inherited) @executable_path/Frameworks @loader_path/Frameworks";
				PRODUCT_BUNDLE_IDENTIFIER = "Endeavor-Medical-Research.Is-it-VT-or-SVTTests";
				PRODUCT_NAME = "$(TARGET_NAME)";
				SWIFT_VERSION = 3.0;
				TEST_HOST = "$(BUILT_PRODUCTS_DIR)/Is it VT or SVT.app/Is it VT or SVT";
			};
			name = Release;
		};
		5B11A5441E85F6D400D0BABC /* Debug */ = {
			isa = XCBuildConfiguration;
			buildSettings = {
				INFOPLIST_FILE = "Is it VT or SVTUITests/Info.plist";
				LD_RUNPATH_SEARCH_PATHS = "$(inherited) @executable_path/Frameworks @loader_path/Frameworks";
				PRODUCT_BUNDLE_IDENTIFIER = "Endeavor-Medical-Research.Is-it-VT-or-SVTUITests";
				PRODUCT_NAME = "$(TARGET_NAME)";
				SWIFT_VERSION = 3.0;
				TEST_TARGET_NAME = "Is it VT or SVT";
				USES_XCTRUNNER = YES;
			};
			name = Debug;
		};
		5B11A5451E85F6D400D0BABC /* Release */ = {
			isa = XCBuildConfiguration;
			buildSettings = {
				INFOPLIST_FILE = "Is it VT or SVTUITests/Info.plist";
				LD_RUNPATH_SEARCH_PATHS = "$(inherited) @executable_path/Frameworks @loader_path/Frameworks";
				PRODUCT_BUNDLE_IDENTIFIER = "Endeavor-Medical-Research.Is-it-VT-or-SVTUITests";
				PRODUCT_NAME = "$(TARGET_NAME)";
				SWIFT_VERSION = 3.0;
				TEST_TARGET_NAME = "Is it VT or SVT";
				USES_XCTRUNNER = YES;
			};
			name = Release;
		};
/* End XCBuildConfiguration section */

/* Begin XCConfigurationList section */
		5B11A5101E85F6D400D0BABC /* Build configuration list for PBXProject "Is it VT or SVT" */ = {
			isa = XCConfigurationList;
			buildConfigurations = (
				5B11A53B1E85F6D400D0BABC /* Debug */,
				5B11A53C1E85F6D400D0BABC /* Release */,
			);
			defaultConfigurationIsVisible = 0;
			defaultConfigurationName = Release;
		};
		5B11A53D1E85F6D400D0BABC /* Build configuration list for PBXNativeTarget "Is it VT or SVT" */ = {
			isa = XCConfigurationList;
			buildConfigurations = (
				5B11A53E1E85F6D400D0BABC /* Debug */,
				5B11A53F1E85F6D400D0BABC /* Release */,
			);
			defaultConfigurationIsVisible = 0;
			defaultConfigurationName = Release;
		};
		5B11A5401E85F6D400D0BABC /* Build configuration list for PBXNativeTarget "Is it VT or SVTTests" */ = {
			isa = XCConfigurationList;
			buildConfigurations = (
				5B11A5411E85F6D400D0BABC /* Debug */,
				5B11A5421E85F6D400D0BABC /* Release */,
			);
			defaultConfigurationIsVisible = 0;
			defaultConfigurationName = Release;
		};
		5B11A5431E85F6D400D0BABC /* Build configuration list for PBXNativeTarget "Is it VT or SVTUITests" */ = {
			isa = XCConfigurationList;
			buildConfigurations = (
				5B11A5441E85F6D400D0BABC /* Debug */,
				5B11A5451E85F6D400D0BABC /* Release */,
			);
			defaultConfigurationIsVisible = 0;
			defaultConfigurationName = Release;
		};
/* End XCConfigurationList section */
	};
	rootObject = 5B11A50D1E85F6D400D0BABC /* Project object */;
}
